{
  "name": "project1",
  "version": "1.0.0",
  "lockfileVersion": 1,
  "requires": true,
  "dependencies": {
    "chance": {
      "version": "1.0.13",
      "resolved": "https://registry.npmjs.org/chance/-/chance-1.0.13.tgz",
      "integrity": "sha512-9cpcgmAIQiXC0eMgQuMZgXuHR2Y+gKUyGQnalqSAg5LlUJyJFsZeKyuHVSGhj+bx18ppH+Jo3VOayNeXR/7p9Q=="
    },
    "graceful-fs": {
      "version": "4.1.11",
      "resolved": "https://registry.npmjs.org/graceful-fs/-/graceful-fs-4.1.11.tgz",
      "integrity": "sha1-Dovf5NHduIVNZOBOp8AOKgJuVlg=",
      "optional": true
    },
    "jsonfile": {
      "version": "4.0.0",
      "resolved": "https://registry.npmjs.org/jsonfile/-/jsonfile-4.0.0.tgz",
      "integrity": "sha1-h3Gq4HmbZAdrdmQPygWPnBDjPss=",
      "requires": {
        "graceful-fs": "4.1.11"
      }
    }
  }
}
